PODS:
  - Statsig (1.29.0):
    - Statsig/StatsigInternalObjC (= 1.29.0)
  - Statsig/StatsigInternalObjC (1.29.0)

DEPENDENCIES:
  - Statsig (from `../../../../statsig-sdks/kong/bridges/ios-bridge/sdk`)

EXTERNAL SOURCES:
  Statsig:
    :path: "../../../../statsig-sdks/kong/bridges/ios-bridge/sdk"

SPEC CHECKSUMS:
  Statsig: 3f1690ba84b71006e4de99af78c9e80a475a22c7

PODFILE CHECKSUM: d4908771d533e2648cf98a3f765cc32aa52ca7aa

COCOAPODS: 1.12.1
