// !$*UTF8*$!
{
	archiveVersion = 1;
	classes = {
	};
	objectVersion = 56;
	objects = {

/* Begin PBXBuildFile section */
		10C6DDC0388E8089DB64FDA5 /* Pods_CocoapodsExampleTests.framework in Frameworks */ = {isa = PBXBuildFile; fileRef = B80EC9EC23BB19D286671DCD /* Pods_CocoapodsExampleTests.framework */; };
		5CED97162AC3573100614EFC /* AppDelegate.swift in Sources */ = {isa = PBXBuildFile; fileRef = 5CED97152AC3573100614EFC /* AppDelegate.swift */; };
		5CED972D2AC3573300614EFC /* CocoapodsExampleTests.swift in Sources */ = {isa = PBXBuildFile; fileRef = 5CED972C2AC3573300614EFC /* CocoapodsExampleTests.swift */; };
		C35F0E8EF9DA5DDDC89DE322 /* Pods_CocoapodsExample.framework in Frameworks */ = {isa = PBXBuildFile; fileRef = 13DECA861DBF2863DC335E34 /* Pods_CocoapodsExample.framework */; };
/* End PBXBuildFile section */

/* Begin PBXContainerItemProxy section */
		5CED97292AC3573300614EFC /* PBXContainerItemProxy */ = {
			isa = PBXContainerItemProxy;
			containerPortal = 5CED970A2AC3573100614EFC /* Project object */;
			proxyType = 1;
			remoteGlobalIDString = 5CED97112AC3573100614EFC;
			remoteInfo = CocoapodsExample;
		};
/* End PBXContainerItemProxy section */

/* Begin PBXFileReference section */
		13DECA861DBF2863DC335E34 /* Pods_CocoapodsExample.framework */ = {isa = PBXFileReference; explicitFileType = wrapper.framework; includeInIndex = 0; path = Pods_CocoapodsExample.framework; sourceTree = BUILT_PRODUCTS_DIR; };
		5CED97122AC3573100614EFC /* CocoapodsExample.app */ = {isa = PBXFileReference; explicitFileType = wrapper.application; includeInIndex = 0; path = CocoapodsExample.app; sourceTree = BUILT_PRODUCTS_DIR; };
		5CED97152AC3573100614EFC /* AppDelegate.swift */ = {isa = PBXFileReference; lastKnownFileType = sourcecode.swift; path = AppDelegate.swift; sourceTree = "<group>"; };
		5CED97232AC3573300614EFC /* Info.plist */ = {isa = PBXFileReference; lastKnownFileType = text.plist.xml; path = Info.plist; sourceTree = "<group>"; };
		5CED97282AC3573300614EFC /* CocoapodsExampleTests.xctest */ = {isa = PBXFileReference; explicitFileType = wrapper.cfbundle; includeInIndex = 0; path = CocoapodsExampleTests.xctest; sourceTree = BUILT_PRODUCTS_DIR; };
		5CED972C2AC3573300614EFC /* CocoapodsExampleTests.swift */ = {isa = PBXFileReference; lastKnownFileType = sourcecode.swift; path = CocoapodsExampleTests.swift; sourceTree = "<group>"; };
		66C72A52D23F7E3ADC214F0F /* Pods-CocoapodsExampleTests.release.xcconfig */ = {isa = PBXFileReference; includeInIndex = 1; lastKnownFileType = text.xcconfig; name = "Pods-CocoapodsExampleTests.release.xcconfig"; path = "Target Support Files/Pods-CocoapodsExampleTests/Pods-CocoapodsExampleTests.release.xcconfig"; sourceTree = "<group>"; };
		8EC280687923EEB3BADA2873 /* Pods-CocoapodsExample.release.xcconfig */ = {isa = PBXFileReference; includeInIndex = 1; lastKnownFileType = text.xcconfig; name = "Pods-CocoapodsExample.release.xcconfig"; path = "Target Support Files/Pods-CocoapodsExample/Pods-CocoapodsExample.release.xcconfig"; sourceTree = "<group>"; };
		A2E23A21C02627034C9331AC /* Pods-CocoapodsExample.debug.xcconfig */ = {isa = PBXFileReference; includeInIndex = 1; lastKnownFileType = text.xcconfig; name = "Pods-CocoapodsExample.debug.xcconfig"; path = "Target Support Files/Pods-CocoapodsExample/Pods-CocoapodsExample.debug.xcconfig"; sourceTree = "<group>"; };
		B80EC9EC23BB19D286671DCD /* Pods_CocoapodsExampleTests.framework */ = {isa = PBXFileReference; explicitFileType = wrapper.framework; includeInIndex = 0; path = Pods_CocoapodsExampleTests.framework; sourceTree = BUILT_PRODUCTS_DIR; };
		DFDC95329BEF52194B3CD951 /* Pods_CocoapodsExample_CocoapodsExampleUITests.framework */ = {isa = PBXFileReference; explicitFileType = wrapper.framework; includeInIndex = 0; path = Pods_CocoapodsExample_CocoapodsExampleUITests.framework; sourceTree = BUILT_PRODUCTS_DIR; };
		E4EB6ECE998740455AA4270B /* Pods-CocoapodsExample-CocoapodsExampleUITests.debug.xcconfig */ = {isa = PBXFileReference; includeInIndex = 1; lastKnownFileType = text.xcconfig; name = "Pods-CocoapodsExample-CocoapodsExampleUITests.debug.xcconfig"; path = "Target Support Files/Pods-CocoapodsExample-CocoapodsExampleUITests/Pods-CocoapodsExample-CocoapodsExampleUITests.debug.xcconfig"; sourceTree = "<group>"; };
		F66EC1D1CCCDA5A217311E33 /* Pods-CocoapodsExampleTests.debug.xcconfig */ = {isa = PBXFileReference; includeInIndex = 1; lastKnownFileType = text.xcconfig; name = "Pods-CocoapodsExampleTests.debug.xcconfig"; path = "Target Support Files/Pods-CocoapodsExampleTests/Pods-CocoapodsExampleTests.debug.xcconfig"; sourceTree = "<group>"; };
		F95C011181862004852BEB82 /* Pods-CocoapodsExample-CocoapodsExampleUITests.release.xcconfig */ = {isa = PBXFileReference; includeInIndex = 1; lastKnownFileType = text.xcconfig; name = "Pods-CocoapodsExample-CocoapodsExampleUITests.release.xcconfig"; path = "Target Support Files/Pods-CocoapodsExample-CocoapodsExampleUITests/Pods-CocoapodsExample-CocoapodsExampleUITests.release.xcconfig"; sourceTree = "<group>"; };
/* End PBXFileReference section */

/* Begin PBXFrameworksBuildPhase section */
		5CED970F2AC3573100614EFC /* Frameworks */ = {
			isa = PBXFrameworksBuildPhase;
			buildActionMask = 2147483647;
			files = (
				C35F0E8EF9DA5DDDC89DE322 /* Pods_CocoapodsExample.framework in Frameworks */,
			);
			runOnlyForDeploymentPostprocessing = 0;
		};
		5CED97252AC3573300614EFC /* Frameworks */ = {
			isa = PBXFrameworksBuildPhase;
			buildActionMask = 2147483647;
			files = (
				10C6DDC0388E8089DB64FDA5 /* Pods_CocoapodsExampleTests.framework in Frameworks */,
			);
			runOnlyForDeploymentPostprocessing = 0;
		};
/* End PBXFrameworksBuildPhase section */

/* Begin PBXGroup section */
		5CED97092AC3573100614EFC = {
			isa = PBXGroup;
			children = (
				5CED97142AC3573100614EFC /* CocoapodsExample */,
				5CED972B2AC3573300614EFC /* CocoapodsExampleTests */,
				5CED97132AC3573100614EFC /* Products */,
				C24573F5B40059E73B554E74 /* Pods */,
				89C06614CD4999A925E94FFD /* Frameworks */,
			);
			sourceTree = "<group>";
		};
		5CED97132AC3573100614EFC /* Products */ = {
			isa = PBXGroup;
			children = (
				5CED97122AC3573100614EFC /* CocoapodsExample.app */,
				5CED97282AC3573300614EFC /* CocoapodsExampleTests.xctest */,
			);
			name = Products;
			sourceTree = "<group>";
		};
		5CED97142AC3573100614EFC /* CocoapodsExample */ = {
			isa = PBXGroup;
			children = (
				5CED97152AC3573100614EFC /* AppDelegate.swift */,
				5CED97232AC3573300614EFC /* Info.plist */,
			);
			path = CocoapodsExample;
			sourceTree = "<group>";
		};
		5CED972B2AC3573300614EFC /* CocoapodsExampleTests */ = {
			isa = PBXGroup;
			children = (
				5CED972C2AC3573300614EFC /* CocoapodsExampleTests.swift */,
			);
			path = CocoapodsExampleTests;
			sourceTree = "<group>";
		};
		89C06614CD4999A925E94FFD /* Frameworks */ = {
			isa = PBXGroup;
			children = (
				13DECA861DBF2863DC335E34 /* Pods_CocoapodsExample.framework */,
				DFDC95329BEF52194B3CD951 /* Pods_CocoapodsExample_CocoapodsExampleUITests.framework */,
				B80EC9EC23BB19D286671DCD /* Pods_CocoapodsExampleTests.framework */,
			);
			name = Frameworks;
			sourceTree = "<group>";
		};
		C24573F5B40059E73B554E74 /* Pods */ = {
			isa = PBXGroup;
			children = (
				A2E23A21C02627034C9331AC /* Pods-CocoapodsExample.debug.xcconfig */,
				8EC280687923EEB3BADA2873 /* Pods-CocoapodsExample.release.xcconfig */,
				E4EB6ECE998740455AA4270B /* Pods-CocoapodsExample-CocoapodsExampleUITests.debug.xcconfig */,
				F95C011181862004852BEB82 /* Pods-CocoapodsExample-CocoapodsExampleUITests.release.xcconfig */,
				F66EC1D1CCCDA5A217311E33 /* Pods-CocoapodsExampleTests.debug.xcconfig */,
				66C72A52D23F7E3ADC214F0F /* Pods-CocoapodsExampleTests.release.xcconfig */,
			);
			path = Pods;
			sourceTree = "<group>";
		};
/* End PBXGroup section */

/* Begin PBXNativeTarget section */
		5CED97112AC3573100614EFC /* CocoapodsExample */ = {
			isa = PBXNativeTarget;
			buildConfigurationList = 5CED973C2AC3573300614EFC /* Build configuration list for PBXNativeTarget "CocoapodsExample" */;
			buildPhases = (
				9DCA8E1FA40B28AFDECB186C /* [CP] Check Pods Manifest.lock */,
				5CED970E2AC3573100614EFC /* Sources */,
				5CED970F2AC3573100614EFC /* Frameworks */,
				5CED97102AC3573100614EFC /* Resources */,
				211180E25ABFF18A69289BD8 /* [CP] Embed Pods Frameworks */,
			);
			buildRules = (
			);
			dependencies = (
			);
			name = CocoapodsExample;
			productName = CocoapodsExample;
			productReference = 5CED97122AC3573100614EFC /* CocoapodsExample.app */;
			productType = "com.apple.product-type.application";
		};
		5CED97272AC3573300614EFC /* CocoapodsExampleTests */ = {
			isa = PBXNativeTarget;
			buildConfigurationList = 5CED973F2AC3573300614EFC /* Build configuration list for PBXNativeTarget "CocoapodsExampleTests" */;
			buildPhases = (
				560979770410BB7322838DC9 /* [CP] Check Pods Manifest.lock */,
				5CED97242AC3573300614EFC /* Sources */,
				5CED97252AC3573300614EFC /* Frameworks */,
				5CED97262AC3573300614EFC /* Resources */,
			);
			buildRules = (
			);
			dependencies = (
				5CED972A2AC3573300614EFC /* PBXTargetDependency */,
			);
			name = CocoapodsExampleTests;
			productName = CocoapodsExampleTests;
			productReference = 5CED97282AC3573300614EFC /* CocoapodsExampleTests.xctest */;
			productType = "com.apple.product-type.bundle.unit-test";
		};
/* End PBXNativeTarget section */

/* Begin PBXProject section */
		5CED970A2AC3573100614EFC /* Project object */ = {
			isa = PBXProject;
			attributes = {
				BuildIndependentTargetsInParallel = 1;
				LastSwiftUpdateCheck = 1420;
				LastUpgradeCheck = 1420;
				TargetAttributes = {
					5CED97112AC3573100614EFC = {
						CreatedOnToolsVersion = 14.2;
					};
					5CED97272AC3573300614EFC = {
						CreatedOnToolsVersion = 14.2;
						TestTargetID = 5CED97112AC3573100614EFC;
					};
				};
			};
			buildConfigurationList = 5CED970D2AC3573100614EFC /* Build configuration list for PBXProject "CocoapodsExample" */;
			compatibilityVersion = "Xcode 14.0";
			developmentRegion = en;
			hasScannedForEncodings = 0;
			knownRegions = (
				en,
				Base,
			);
			mainGroup = 5CED97092AC3573100614EFC;
			productRefGroup = 5CED97132AC3573100614EFC /* Products */;
			projectDirPath = "";
			projectRoot = "";
			targets = (
				5CED97112AC3573100614EFC /* CocoapodsExample */,
				5CED97272AC3573300614EFC /* CocoapodsExampleTests */,
			);
		};
/* End PBXProject section */

/* Begin PBXResourcesBuildPhase section */
		5CED97102AC3573100614EFC /* Resources */ = {
			isa = PBXResourcesBuildPhase;
			buildActionMask = 2147483647;
			files = (
			);
			runOnlyForDeploymentPostprocessing = 0;
		};
		5CED97262AC3573300614EFC /* Resources */ = {
			isa = PBXResourcesBuildPhase;
			buildActionMask = 2147483647;
			files = (
			);
			runOnlyForDeploymentPostprocessing = 0;
		};
/* End PBXResourcesBuildPhase section */

/* Begin PBXShellScriptBuildPhase section */
		211180E25ABFF18A69289BD8 /* [CP] Embed Pods Frameworks */ = {
			isa = PBXShellScriptBuildPhase;
			buildActionMask = 2147483647;
			files = (
			);
			inputFileListPaths = (
				"${PODS_ROOT}/Target Support Files/Pods-CocoapodsExample/Pods-CocoapodsExample-frameworks-${CONFIGURATION}-input-files.xcfilelist",
			);
			name = "[CP] Embed Pods Frameworks";
			outputFileListPaths = (
				"${PODS_ROOT}/Target Support Files/Pods-CocoapodsExample/Pods-CocoapodsExample-frameworks-${CONFIGURATION}-output-files.xcfilelist",
			);
			runOnlyForDeploymentPostprocessing = 0;
			shellPath = /bin/sh;
			shellScript = "\"${PODS_ROOT}/Target Support Files/Pods-CocoapodsExample/Pods-CocoapodsExample-frameworks.sh\"\n";
			showEnvVarsInLog = 0;
		};
		560979770410BB7322838DC9 /* [CP] Check Pods Manifest.lock */ = {
			isa = PBXShellScriptBuildPhase;
			buildActionMask = 2147483647;
			files = (
			);
			inputFileListPaths = (
			);
			inputPaths = (
				"${PODS_PODFILE_DIR_PATH}/Podfile.lock",
				"${PODS_ROOT}/Manifest.lock",
			);
			name = "[CP] Check Pods Manifest.lock";
			outputFileListPaths = (
			);
			outputPaths = (
				"$(DERIVED_FILE_DIR)/Pods-CocoapodsExampleTests-checkManifestLockResult.txt",
			);
			runOnlyForDeploymentPostprocessing = 0;
			shellPath = /bin/sh;
			shellScript = "diff \"${PODS_PODFILE_DIR_PATH}/Podfile.lock\" \"${PODS_ROOT}/Manifest.lock\" > /dev/null\nif [ $? != 0 ] ; then\n    # print error to STDERR\n    echo \"error: The sandbox is not in sync with the Podfile.lock. Run 'pod install' or update your CocoaPods installation.\" >&2\n    exit 1\nfi\n# This output is used by Xcode 'outputs' to avoid re-running this script phase.\necho \"SUCCESS\" > \"${SCRIPT_OUTPUT_FILE_0}\"\n";
			showEnvVarsInLog = 0;
		};
		9DCA8E1FA40B28AFDECB186C /* [CP] Check Pods Manifest.lock */ = {
			isa = PBXShellScriptBuildPhase;
			buildActionMask = 2147483647;
			files = (
			);
			inputFileListPaths = (
			);
			inputPaths = (
				"${PODS_PODFILE_DIR_PATH}/Podfile.lock",
				"${PODS_ROOT}/Manifest.lock",
			);
			name = "[CP] Check Pods Manifest.lock";
			outputFileListPaths = (
			);
			outputPaths = (
				"$(DERIVED_FILE_DIR)/Pods-CocoapodsExample-checkManifestLockResult.txt",
			);
			runOnlyForDeploymentPostprocessing = 0;
			shellPath = /bin/sh;
			shellScript = "diff \"${PODS_PODFILE_DIR_PATH}/Podfile.lock\" \"${PODS_ROOT}/Manifest.lock\" > /dev/null\nif [ $? != 0 ] ; then\n    # print error to STDERR\n    echo \"error: The sandbox is not in sync with the Podfile.lock. Run 'pod install' or update your CocoaPods installation.\" >&2\n    exit 1\nfi\n# This output is used by Xcode 'outputs' to avoid re-running this script phase.\necho \"SUCCESS\" > \"${SCRIPT_OUTPUT_FILE_0}\"\n";
			showEnvVarsInLog = 0;
		};
/* End PBXShellScriptBuildPhase section */

/* Begin PBXSourcesBuildPhase section */
		5CED970E2AC3573100614EFC /* Sources */ = {
			isa = PBXSourcesBuildPhase;
			buildActionMask = 2147483647;
			files = (
				5CED97162AC3573100614EFC /* AppDelegate.swift in Sources */,
			);
			runOnlyForDeploymentPostprocessing = 0;
		};
		5CED97242AC3573300614EFC /* Sources */ = {
			isa = PBXSourcesBuildPhase;
			buildActionMask = 2147483647;
			files = (
				5CED972D2AC3573300614EFC /* CocoapodsExampleTests.swift in Sources */,
			);
			runOnlyForDeploymentPostprocessing = 0;
		};
/* End PBXSourcesBuildPhase section */

/* Begin PBXTargetDependency section */
		5CED972A2AC3573300614EFC /* PBXTargetDependency */ = {
			isa = PBXTargetDependency;
			target = 5CED97112AC3573100614EFC /* CocoapodsExample */;
			targetProxy = 5CED97292AC3573300614EFC /* PBXContainerItemProxy */;
		};
/* End PBXTargetDependency section */

/* Begin XCBuildConfiguration section */
		5CED973A2AC3573300614EFC /* Debug */ = {
			isa = XCBuildConfiguration;
			buildSettings = {
				ALWAYS_SEARCH_USER_PATHS = NO;
				CLANG_ANALYZER_NONNULL = YES;
				CLANG_ANALYZER_NUMBER_OBJECT_CONVERSION = YES_AGGRESSIVE;
				CLANG_CXX_LANGUAGE_STANDARD = "gnu++20";
				CLANG_ENABLE_MODULES = YES;
				CLANG_ENABLE_OBJC_ARC = YES;
				CLANG_ENABLE_OBJC_WEAK = YES;
				CLANG_WARN_BLOCK_CAPTURE_AUTORELEASING = YES;
				CLANG_WARN_BOOL_CONVERSION = YES;
				CLANG_WARN_COMMA = YES;
				CLANG_WARN_CONSTANT_CONVERSION = YES;
				CLANG_WARN_DEPRECATED_OBJC_IMPLEMENTATIONS = YES;
				CLANG_WARN_DIRECT_OBJC_ISA_USAGE = YES_ERROR;
				CLANG_WARN_DOCUMENTATION_COMMENTS = YES;
				CLANG_WARN_EMPTY_BODY = YES;
				CLANG_WARN_ENUM_CONVERSION = YES;
				CLANG_WARN_INFINITE_RECURSION = YES;
				CLANG_WARN_INT_CONVERSION = YES;
				CLANG_WARN_NON_LITERAL_NULL_CONVERSION = YES;
				CLANG_WARN_OBJC_IMPLICIT_RETAIN_SELF = YES;
				CLANG_WARN_OBJC_LITERAL_CONVERSION = YES;
				CLANG_WARN_OBJC_ROOT_CLASS = YES_ERROR;
				CLANG_WARN_QUOTED_INCLUDE_IN_FRAMEWORK_HEADER = YES;
				CLANG_WARN_RANGE_LOOP_ANALYSIS = YES;
				CLANG_WARN_STRICT_PROTOTYPES = YES;
				CLANG_WARN_SUSPICIOUS_MOVE = YES;
				CLANG_WARN_UNGUARDED_AVAILABILITY = YES_AGGRESSIVE;
				CLANG_WARN_UNREACHABLE_CODE = YES;
				CLANG_WARN__DUPLICATE_METHOD_MATCH = YES;
				COPY_PHASE_STRIP = NO;
				DEBUG_INFORMATION_FORMAT = dwarf;
				ENABLE_STRICT_OBJC_MSGSEND = YES;
				ENABLE_TESTABILITY = YES;
				GCC_C_LANGUAGE_STANDARD = gnu11;
				GCC_DYNAMIC_NO_PIC = NO;
				GCC_NO_COMMON_BLOCKS = YES;
				GCC_OPTIMIZATION_LEVEL = 0;
				GCC_PREPROCESSOR_DEFINITIONS = (
					"DEBUG=1",
					"$(inherited)",
				);
				GCC_WARN_64_TO_32_BIT_CONVERSION = YES;
				GCC_WARN_ABOUT_RETURN_TYPE = YES_ERROR;
				GCC_WARN_UNDECLARED_SELECTOR = YES;
				GCC_WARN_UNINITIALIZED_AUTOS = YES_AGGRESSIVE;
				GCC_WARN_UNUSED_FUNCTION = YES;
				GCC_WARN_UNUSED_VARIABLE = YES;
				IPHONEOS_DEPLOYMENT_TARGET = 16.2;
				MTL_ENABLE_DEBUG_INFO = INCLUDE_SOURCE;
				MTL_FAST_MATH = YES;
				ONLY_ACTIVE_ARCH = YES;
				SDKROOT = iphoneos;
				SWIFT_ACTIVE_COMPILATION_CONDITIONS = DEBUG;
				SWIFT_OPTIMIZATION_LEVEL = "-Onone";
			};
			name = Debug;
		};
		5CED973B2AC3573300614EFC /* Release */ = {
			isa = XCBuildConfiguration;
			buildSettings = {
				ALWAYS_SEARCH_USER_PATHS = NO;
				CLANG_ANALYZER_NONNULL = YES;
				CLANG_ANALYZER_NUMBER_OBJECT_CONVERSION = YES_AGGRESSIVE;
				CLANG_CXX_LANGUAGE_STANDARD = "gnu++20";
				CLANG_ENABLE_MODULES = YES;
				CLANG_ENABLE_OBJC_ARC = YES;
				CLANG_ENABLE_OBJC_WEAK = YES;
				CLANG_WARN_BLOCK_CAPTURE_AUTORELEASING = YES;
				CLANG_WARN_BOOL_CONVERSION = YES;
				CLANG_WARN_COMMA = YES;
				CLANG_WARN_CONSTANT_CONVERSION = YES;
				CLANG_WARN_DEPRECATED_OBJC_IMPLEMENTATIONS = YES;
				CLANG_WARN_DIRECT_OBJC_ISA_USAGE = YES_ERROR;
				CLANG_WARN_DOCUMENTATION_COMMENTS = YES;
				CLANG_WARN_EMPTY_BODY = YES;
				CLANG_WARN_ENUM_CONVERSION = YES;
				CLANG_WARN_INFINITE_RECURSION = YES;
				CLANG_WARN_INT_CONVERSION = YES;
				CLANG_WARN_NON_LITERAL_NULL_CONVERSION = YES;
				CLANG_WARN_OBJC_IMPLICIT_RETAIN_SELF = YES;
				CLANG_WARN_OBJC_LITERAL_CONVERSION = YES;
				CLANG_WARN_OBJC_ROOT_CLASS = YES_ERROR;
				CLANG_WARN_QUOTED_INCLUDE_IN_FRAMEWORK_HEADER = YES;
				CLANG_WARN_RANGE_LOOP_ANALYSIS = YES;
				CLANG_WARN_STRICT_PROTOTYPES = YES;
				CLANG_WARN_SUSPICIOUS_MOVE = YES;
				CLANG_WARN_UNGUARDED_AVAILABILITY = YES_AGGRESSIVE;
				CLANG_WARN_UNREACHABLE_CODE = YES;
				CLANG_WARN__DUPLICATE_METHOD_MATCH = YES;
				COPY_PHASE_STRIP = NO;
				DEBUG_INFORMATION_FORMAT = "dwarf-with-dsym";
				ENABLE_NS_ASSERTIONS = NO;
				ENABLE_STRICT_OBJC_MSGSEND = YES;
				GCC_C_LANGUAGE_STANDARD = gnu11;
				GCC_NO_COMMON_BLOCKS = YES;
				GCC_WARN_64_TO_32_BIT_CONVERSION = YES;
				GCC_WARN_ABOUT_RETURN_TYPE = YES_ERROR;
				GCC_WARN_UNDECLARED_SELECTOR = YES;
				GCC_WARN_UNINITIALIZED_AUTOS = YES_AGGRESSIVE;
				GCC_WARN_UNUSED_FUNCTION = YES;
				GCC_WARN_UNUSED_VARIABLE = YES;
				IPHONEOS_DEPLOYMENT_TARGET = 16.2;
				MTL_ENABLE_DEBUG_INFO = NO;
				MTL_FAST_MATH = YES;
				SDKROOT = iphoneos;
				SWIFT_COMPILATION_MODE = wholemodule;
				SWIFT_OPTIMIZATION_LEVEL = "-O";
				VALIDATE_PRODUCT = YES;
			};
			name = Release;
		};
		5CED973D2AC3573300614EFC /* Debug */ = {
			isa = XCBuildConfiguration;
			baseConfigurationReference = A2E23A21C02627034C9331AC /* Pods-CocoapodsExample.debug.xcconfig */;
			buildSettings = {
				ASSETCATALOG_COMPILER_APPICON_NAME = AppIcon;
				ASSETCATALOG_COMPILER_GLOBAL_ACCENT_COLOR_NAME = AccentColor;
				CODE_SIGN_STYLE = Automatic;
				CURRENT_PROJECT_VERSION = 1;
				DEVELOPMENT_TEAM = YG5A7C43PH;
				GENERATE_INFOPLIST_FILE = YES;
				INFOPLIST_FILE = CocoapodsExample/Info.plist;
				INFOPLIST_KEY_UIApplicationSupportsIndirectInputEvents = YES;
				INFOPLIST_KEY_UILaunchStoryboardName = LaunchScreen;
				INFOPLIST_KEY_UISupportedInterfaceOrientations_iPad = "UIInterfaceOrientationPortrait UIInterfaceOrientationPortraitUpsideDown UIInterfaceOrientationLandscapeLeft UIInterfaceOrientationLandscapeRight";
				INFOPLIST_KEY_UISupportedInterfaceOrientations_iPhone = "UIInterfaceOrientationPortrait UIInterfaceOrientationLandscapeLeft UIInterfaceOrientationLandscapeRight";
				LD_RUNPATH_SEARCH_PATHS = (
					"$(inherited)",
					"@executable_path/Frameworks",
				);
				MARKETING_VERSION = 1.0;
				PRODUCT_BUNDLE_IDENTIFIER = com.statsig.CocoapodsExample;
				PRODUCT_NAME = "$(TARGET_NAME)";
				SWIFT_EMIT_LOC_STRINGS = YES;
				SWIFT_VERSION = 5.0;
				TARGETED_DEVICE_FAMILY = "1,2";
			};
			name = Debug;
		};
		5CED973E2AC3573300614EFC /* Release */ = {
			isa = XCBuildConfiguration;
			baseConfigurationReference = 8EC280687923EEB3BADA2873 /* Pods-CocoapodsExample.release.xcconfig */;
			buildSettings = {
				ASSETCATALOG_COMPILER_APPICON_NAME = AppIcon;
				ASSETCATALOG_COMPILER_GLOBAL_ACCENT_COLOR_NAME = AccentColor;
				CODE_SIGN_STYLE = Automatic;
				CURRENT_PROJECT_VERSION = 1;
				DEVELOPMENT_TEAM = YG5A7C43PH;
				GENERATE_INFOPLIST_FILE = YES;
				INFOPLIST_FILE = CocoapodsExample/Info.plist;
				INFOPLIST_KEY_UIApplicationSupportsIndirectInputEvents = YES;
				INFOPLIST_KEY_UILaunchStoryboardName = LaunchScreen;
				INFOPLIST_KEY_UISupportedInterfaceOrientations_iPad = "UIInterfaceOrientationPortrait UIInterfaceOrientationPortraitUpsideDown UIInterfaceOrientationLandscapeLeft UIInterfaceOrientationLandscapeRight";
				INFOPLIST_KEY_UISupportedInterfaceOrientations_iPhone = "UIInterfaceOrientationPortrait UIInterfaceOrientationLandscapeLeft UIInterfaceOrientationLandscapeRight";
				LD_RUNPATH_SEARCH_PATHS = (
					"$(inherited)",
					"@executable_path/Frameworks",
				);
				MARKETING_VERSION = 1.0;
				PRODUCT_BUNDLE_IDENTIFIER = com.statsig.CocoapodsExample;
				PRODUCT_NAME = "$(TARGET_NAME)";
				SWIFT_EMIT_LOC_STRINGS = YES;
				SWIFT_VERSION = 5.0;
				TARGETED_DEVICE_FAMILY = "1,2";
			};
			name = Release;
		};
		5CED97402AC3573300614EFC /* Debug */ = {
			isa = XCBuildConfiguration;
			baseConfigurationReference = F66EC1D1CCCDA5A217311E33 /* Pods-CocoapodsExampleTests.debug.xcconfig */;
			buildSettings = {
				ALWAYS_EMBED_SWIFT_STANDARD_LIBRARIES = YES;
				BUNDLE_LOADER = "$(TEST_HOST)";
				CODE_SIGN_STYLE = Automatic;
				CURRENT_PROJECT_VERSION = 1;
				DEVELOPMENT_TEAM = YG5A7C43PH;
				GENERATE_INFOPLIST_FILE = YES;
				IPHONEOS_DEPLOYMENT_TARGET = 16.2;
				MARKETING_VERSION = 1.0;
				PRODUCT_BUNDLE_IDENTIFIER = com.statsig.CocoapodsExampleTests;
				PRODUCT_NAME = "$(TARGET_NAME)";
				SWIFT_EMIT_LOC_STRINGS = NO;
				SWIFT_VERSION = 5.0;
				TARGETED_DEVICE_FAMILY = "1,2";
				TEST_HOST = "$(BUILT_PRODUCTS_DIR)/CocoapodsExample.app/$(BUNDLE_EXECUTABLE_FOLDER_PATH)/CocoapodsExample";
			};
			name = Debug;
		};
		5CED97412AC3573300614EFC /* Release */ = {
			isa = XCBuildConfiguration;
			baseConfigurationReference = 66C72A52D23F7E3ADC214F0F /* Pods-CocoapodsExampleTests.release.xcconfig */;
			buildSettings = {
				ALWAYS_EMBED_SWIFT_STANDARD_LIBRARIES = YES;
				BUNDLE_LOADER = "$(TEST_HOST)";
				CODE_SIGN_STYLE = Automatic;
				CURRENT_PROJECT_VERSION = 1;
				DEVELOPMENT_TEAM = YG5A7C43PH;
				GENERATE_INFOPLIST_FILE = YES;
				IPHONEOS_DEPLOYMENT_TARGET = 16.2;
				MARKETING_VERSION = 1.0;
				PRODUCT_BUNDLE_IDENTIFIER = com.statsig.CocoapodsExampleTests;
				PRODUCT_NAME = "$(TARGET_NAME)";
				SWIFT_EMIT_LOC_STRINGS = NO;
				SWIFT_VERSION = 5.0;
				TARGETED_DEVICE_FAMILY = "1,2";
				TEST_HOST = "$(BUILT_PRODUCTS_DIR)/CocoapodsExample.app/$(BUNDLE_EXECUTABLE_FOLDER_PATH)/CocoapodsExample";
			};
			name = Release;
		};
/* End XCBuildConfiguration section */

/* Begin XCConfigurationList section */
		5CED970D2AC3573100614EFC /* Build configuration list for PBXProject "CocoapodsExample" */ = {
			isa = XCConfigurationList;
			buildConfigurations = (
				5CED973A2AC3573300614EFC /* Debug */,
				5CED973B2AC3573300614EFC /* Release */,
			);
			defaultConfigurationIsVisible = 0;
			defaultConfigurationName = Release;
		};
		5CED973C2AC3573300614EFC /* Build configuration list for PBXNativeTarget "CocoapodsExample" */ = {
			isa = XCConfigurationList;
			buildConfigurations = (
				5CED973D2AC3573300614EFC /* Debug */,
				5CED973E2AC3573300614EFC /* Release */,
			);
			defaultConfigurationIsVisible = 0;
			defaultConfigurationName = Release;
		};
		5CED973F2AC3573300614EFC /* Build configuration list for PBXNativeTarget "CocoapodsExampleTests" */ = {
			isa = XCConfigurationList;
			buildConfigurations = (
				5CED97402AC3573300614EFC /* Debug */,
				5CED97412AC3573300614EFC /* Release */,
			);
			defaultConfigurationIsVisible = 0;
			defaultConfigurationName = Release;
		};
/* End XCConfigurationList section */
	};
	rootObject = 5CED970A2AC3573100614EFC /* Project object */;
}
