// !$*UTF8*$!
{
	archiveVersion = 1;
	classes = {
	};
	objectVersion = 56;
	objects = {

/* Begin PBXBuildFile section */
		5CED97522AC35E3F00614EFC /* AppDelegate.swift in Sources */ = {isa = PBXBuildFile; fileRef = 5CED97512AC35E3F00614EFC /* AppDelegate.swift */; };
		5CED97692AC35E4100614EFC /* SwiftPackageManagerExampleTests.swift in Sources */ = {isa = PBXBuildFile; fileRef = 5CED97682AC35E4100614EFC /* SwiftPackageManagerExampleTests.swift */; };
		5CED97882AC3612400614EFC /* Statsig in Frameworks */ = {isa = PBXBuildFile; productRef = 5CED97872AC3612400614EFC /* Statsig */; };
		5CED978B2AC3630100614EFC /* Statsig in Frameworks */ = {isa = PBXBuildFile; productRef = 5CED978A2AC3630100614EFC /* Statsig */; };
/* End PBXBuildFile section */

/* Begin PBXContainerItemProxy section */
		5CED97652AC35E4100614EFC /* PBXContainerItemProxy */ = {
			isa = PBXContainerItemProxy;
			containerPortal = 5CED97462AC35E3F00614EFC /* Project object */;
			proxyType = 1;
			remoteGlobalIDString = 5CED974D2AC35E3F00614EFC;
			remoteInfo = SwiftPackageManagerExample;
		};
/* End PBXContainerItemProxy section */

/* Begin PBXFileReference section */
		5CED974E2AC35E3F00614EFC /* SwiftPackageManagerExample.app */ = {isa = PBXFileReference; explicitFileType = wrapper.application; includeInIndex = 0; path = SwiftPackageManagerExample.app; sourceTree = BUILT_PRODUCTS_DIR; };
		5CED97512AC35E3F00614EFC /* AppDelegate.swift */ = {isa = PBXFileReference; lastKnownFileType = sourcecode.swift; path = AppDelegate.swift; sourceTree = "<group>"; };
		5CED975F2AC35E4100614EFC /* Info.plist */ = {isa = PBXFileReference; lastKnownFileType = text.plist.xml; path = Info.plist; sourceTree = "<group>"; };
		5CED97642AC35E4100614EFC /* SwiftPackageManagerExampleTests.xctest */ = {isa = PBXFileReference; explicitFileType = wrapper.cfbundle; includeInIndex = 0; path = SwiftPackageManagerExampleTests.xctest; sourceTree = BUILT_PRODUCTS_DIR; };
		5CED97682AC35E4100614EFC /* SwiftPackageManagerExampleTests.swift */ = {isa = PBXFileReference; lastKnownFileType = sourcecode.swift; path = SwiftPackageManagerExampleTests.swift; sourceTree = "<group>"; };
/* End PBXFileReference section */

/* Begin PBXFrameworksBuildPhase section */
		5CED974B2AC35E3F00614EFC /* Frameworks */ = {
			isa = PBXFrameworksBuildPhase;
			buildActionMask = 2147483647;
			files = (
				5CED97882AC3612400614EFC /* Statsig in Frameworks */,
			);
			runOnlyForDeploymentPostprocessing = 0;
		};
		5CED97612AC35E4100614EFC /* Frameworks */ = {
			isa = PBXFrameworksBuildPhase;
			buildActionMask = 2147483647;
			files = (
				5CED978B2AC3630100614EFC /* Statsig in Frameworks */,
			);
			runOnlyForDeploymentPostprocessing = 0;
		};
/* End PBXFrameworksBuildPhase section */

/* Begin PBXGroup section */
		5CED97452AC35E3F00614EFC = {
			isa = PBXGroup;
			children = (
				5CED97502AC35E3F00614EFC /* SwiftPackageManagerExample */,
				5CED97672AC35E4100614EFC /* SwiftPackageManagerExampleTests */,
				5CED974F2AC35E3F00614EFC /* Products */,
				5CED97892AC3630100614EFC /* Frameworks */,
			);
			sourceTree = "<group>";
		};
		5CED974F2AC35E3F00614EFC /* Products */ = {
			isa = PBXGroup;
			children = (
				5CED974E2AC35E3F00614EFC /* SwiftPackageManagerExample.app */,
				5CED97642AC35E4100614EFC /* SwiftPackageManagerExampleTests.xctest */,
			);
			name = Products;
			sourceTree = "<group>";
		};
		5CED97502AC35E3F00614EFC /* SwiftPackageManagerExample */ = {
			isa = PBXGroup;
			children = (
				5CED97512AC35E3F00614EFC /* AppDelegate.swift */,
				5CED975F2AC35E4100614EFC /* Info.plist */,
			);
			path = SwiftPackageManagerExample;
			sourceTree = "<group>";
		};
		5CED97672AC35E4100614EFC /* SwiftPackageManagerExampleTests */ = {
			isa = PBXGroup;
			children = (
				5CED97682AC35E4100614EFC /* SwiftPackageManagerExampleTests.swift */,
			);
			path = SwiftPackageManagerExampleTests;
			sourceTree = "<group>";
		};
		5CED97892AC3630100614EFC /* Frameworks */ = {
			isa = PBXGroup;
			children = (
			);
			name = Frameworks;
			sourceTree = "<group>";
		};
/* End PBXGroup section */

/* Begin PBXNativeTarget section */
		5CED974D2AC35E3F00614EFC /* SwiftPackageManagerExample */ = {
			isa = PBXNativeTarget;
			buildConfigurationList = 5CED97782AC35E4100614EFC /* Build configuration list for PBXNativeTarget "SwiftPackageManagerExample" */;
			buildPhases = (
				5CED974A2AC35E3F00614EFC /* Sources */,
				5CED974B2AC35E3F00614EFC /* Frameworks */,
				5CED974C2AC35E3F00614EFC /* Resources */,
			);
			buildRules = (
			);
			dependencies = (
			);
			name = SwiftPackageManagerExample;
			packageProductDependencies = (
				5CED97872AC3612400614EFC /* Statsig */,
			);
			productName = SwiftPackageManagerExample;
			productReference = 5CED974E2AC35E3F00614EFC /* SwiftPackageManagerExample.app */;
			productType = "com.apple.product-type.application";
		};
		5CED97632AC35E4100614EFC /* SwiftPackageManagerExampleTests */ = {
			isa = PBXNativeTarget;
			buildConfigurationList = 5CED977B2AC35E4100614EFC /* Build configuration list for PBXNativeTarget "SwiftPackageManagerExampleTests" */;
			buildPhases = (
				5CED97602AC35E4100614EFC /* Sources */,
				5CED97612AC35E4100614EFC /* Frameworks */,
				5CED97622AC35E4100614EFC /* Resources */,
			);
			buildRules = (
			);
			dependencies = (
				5CED97662AC35E4100614EFC /* PBXTargetDependency */,
			);
			name = SwiftPackageManagerExampleTests;
			packageProductDependencies = (
				5CED978A2AC3630100614EFC /* Statsig */,
			);
			productName = SwiftPackageManagerExampleTests;
			productReference = 5CED97642AC35E4100614EFC /* SwiftPackageManagerExampleTests.xctest */;
			productType = "com.apple.product-type.bundle.unit-test";
		};
/* End PBXNativeTarget section */

/* Begin PBXProject section */
		5CED97462AC35E3F00614EFC /* Project object */ = {
			isa = PBXProject;
			attributes = {
				BuildIndependentTargetsInParallel = 1;
				LastSwiftUpdateCheck = 1420;
				LastUpgradeCheck = 1420;
				TargetAttributes = {
					5CED974D2AC35E3F00614EFC = {
						CreatedOnToolsVersion = 14.2;
					};
					5CED97632AC35E4100614EFC = {
						CreatedOnToolsVersion = 14.2;
						TestTargetID = 5CED974D2AC35E3F00614EFC;
					};
				};
			};
			buildConfigurationList = 5CED97492AC35E3F00614EFC /* Build configuration list for PBXProject "SwiftPackageManagerExample" */;
			compatibilityVersion = "Xcode 14.0";
			developmentRegion = en;
			hasScannedForEncodings = 0;
			knownRegions = (
				en,
				Base,
			);
			mainGroup = 5CED97452AC35E3F00614EFC;
			packageReferences = (
				5CED97862AC3612400614EFC /* XCRemoteSwiftPackageReference "ios-sdk" */,
			);
			productRefGroup = 5CED974F2AC35E3F00614EFC /* Products */;
			projectDirPath = "";
			projectRoot = "";
			targets = (
				5CED974D2AC35E3F00614EFC /* SwiftPackageManagerExample */,
				5CED97632AC35E4100614EFC /* SwiftPackageManagerExampleTests */,
			);
		};
/* End PBXProject section */

/* Begin PBXResourcesBuildPhase section */
		5CED974C2AC35E3F00614EFC /* Resources */ = {
			isa = PBXResourcesBuildPhase;
			buildActionMask = 2147483647;
			files = (
			);
			runOnlyForDeploymentPostprocessing = 0;
		};
		5CED97622AC35E4100614EFC /* Resources */ = {
			isa = PBXResourcesBuildPhase;
			buildActionMask = 2147483647;
			files = (
			);
			runOnlyForDeploymentPostprocessing = 0;
		};
/* End PBXResourcesBuildPhase section */

/* Begin PBXSourcesBuildPhase section */
		5CED974A2AC35E3F00614EFC /* Sources */ = {
			isa = PBXSourcesBuildPhase;
			buildActionMask = 2147483647;
			files = (
				5CED97522AC35E3F00614EFC /* AppDelegate.swift in Sources */,
			);
			runOnlyForDeploymentPostprocessing = 0;
		};
		5CED97602AC35E4100614EFC /* Sources */ = {
			isa = PBXSourcesBuildPhase;
			buildActionMask = 2147483647;
			files = (
				5CED97692AC35E4100614EFC /* SwiftPackageManagerExampleTests.swift in Sources */,
			);
			runOnlyForDeploymentPostprocessing = 0;
		};
/* End PBXSourcesBuildPhase section */

/* Begin PBXTargetDependency section */
		5CED97662AC35E4100614EFC /* PBXTargetDependency */ = {
			isa = PBXTargetDependency;
			target = 5CED974D2AC35E3F00614EFC /* SwiftPackageManagerExample */;
			targetProxy = 5CED97652AC35E4100614EFC /* PBXContainerItemProxy */;
		};
/* End PBXTargetDependency section */

/* Begin XCBuildConfiguration section */
		5CED97762AC35E4100614EFC /* Debug */ = {
			isa = XCBuildConfiguration;
			buildSettings = {
				ALWAYS_SEARCH_USER_PATHS = NO;
				CLANG_ANALYZER_NONNULL = YES;
				CLANG_ANALYZER_NUMBER_OBJECT_CONVERSION = YES_AGGRESSIVE;
				CLANG_CXX_LANGUAGE_STANDARD = "gnu++20";
				CLANG_ENABLE_MODULES = YES;
				CLANG_ENABLE_OBJC_ARC = YES;
				CLANG_ENABLE_OBJC_WEAK = YES;
				CLANG_WARN_BLOCK_CAPTURE_AUTORELEASING = YES;
				CLANG_WARN_BOOL_CONVERSION = YES;
				CLANG_WARN_COMMA = YES;
				CLANG_WARN_CONSTANT_CONVERSION = YES;
				CLANG_WARN_DEPRECATED_OBJC_IMPLEMENTATIONS = YES;
				CLANG_WARN_DIRECT_OBJC_ISA_USAGE = YES_ERROR;
				CLANG_WARN_DOCUMENTATION_COMMENTS = YES;
				CLANG_WARN_EMPTY_BODY = YES;
				CLANG_WARN_ENUM_CONVERSION = YES;
				CLANG_WARN_INFINITE_RECURSION = YES;
				CLANG_WARN_INT_CONVERSION = YES;
				CLANG_WARN_NON_LITERAL_NULL_CONVERSION = YES;
				CLANG_WARN_OBJC_IMPLICIT_RETAIN_SELF = YES;
				CLANG_WARN_OBJC_LITERAL_CONVERSION = YES;
				CLANG_WARN_OBJC_ROOT_CLASS = YES_ERROR;
				CLANG_WARN_QUOTED_INCLUDE_IN_FRAMEWORK_HEADER = YES;
				CLANG_WARN_RANGE_LOOP_ANALYSIS = YES;
				CLANG_WARN_STRICT_PROTOTYPES = YES;
				CLANG_WARN_SUSPICIOUS_MOVE = YES;
				CLANG_WARN_UNGUARDED_AVAILABILITY = YES_AGGRESSIVE;
				CLANG_WARN_UNREACHABLE_CODE = YES;
				CLANG_WARN__DUPLICATE_METHOD_MATCH = YES;
				COPY_PHASE_STRIP = NO;
				DEBUG_INFORMATION_FORMAT = dwarf;
				ENABLE_STRICT_OBJC_MSGSEND = YES;
				ENABLE_TESTABILITY = YES;
				GCC_C_LANGUAGE_STANDARD = gnu11;
				GCC_DYNAMIC_NO_PIC = NO;
				GCC_NO_COMMON_BLOCKS = YES;
				GCC_OPTIMIZATION_LEVEL = 0;
				GCC_PREPROCESSOR_DEFINITIONS = (
					"DEBUG=1",
					"$(inherited)",
				);
				GCC_WARN_64_TO_32_BIT_CONVERSION = YES;
				GCC_WARN_ABOUT_RETURN_TYPE = YES_ERROR;
				GCC_WARN_UNDECLARED_SELECTOR = YES;
				GCC_WARN_UNINITIALIZED_AUTOS = YES_AGGRESSIVE;
				GCC_WARN_UNUSED_FUNCTION = YES;
				GCC_WARN_UNUSED_VARIABLE = YES;
				IPHONEOS_DEPLOYMENT_TARGET = 16.2;
				MTL_ENABLE_DEBUG_INFO = INCLUDE_SOURCE;
				MTL_FAST_MATH = YES;
				ONLY_ACTIVE_ARCH = YES;
				SDKROOT = iphoneos;
				SWIFT_ACTIVE_COMPILATION_CONDITIONS = DEBUG;
				SWIFT_OPTIMIZATION_LEVEL = "-Onone";
			};
			name = Debug;
		};
		5CED97772AC35E4100614EFC /* Release */ = {
			isa = XCBuildConfiguration;
			buildSettings = {
				ALWAYS_SEARCH_USER_PATHS = NO;
				CLANG_ANALYZER_NONNULL = YES;
				CLANG_ANALYZER_NUMBER_OBJECT_CONVERSION = YES_AGGRESSIVE;
				CLANG_CXX_LANGUAGE_STANDARD = "gnu++20";
				CLANG_ENABLE_MODULES = YES;
				CLANG_ENABLE_OBJC_ARC = YES;
				CLANG_ENABLE_OBJC_WEAK = YES;
				CLANG_WARN_BLOCK_CAPTURE_AUTORELEASING = YES;
				CLANG_WARN_BOOL_CONVERSION = YES;
				CLANG_WARN_COMMA = YES;
				CLANG_WARN_CONSTANT_CONVERSION = YES;
				CLANG_WARN_DEPRECATED_OBJC_IMPLEMENTATIONS = YES;
				CLANG_WARN_DIRECT_OBJC_ISA_USAGE = YES_ERROR;
				CLANG_WARN_DOCUMENTATION_COMMENTS = YES;
				CLANG_WARN_EMPTY_BODY = YES;
				CLANG_WARN_ENUM_CONVERSION = YES;
				CLANG_WARN_INFINITE_RECURSION = YES;
				CLANG_WARN_INT_CONVERSION = YES;
				CLANG_WARN_NON_LITERAL_NULL_CONVERSION = YES;
				CLANG_WARN_OBJC_IMPLICIT_RETAIN_SELF = YES;
				CLANG_WARN_OBJC_LITERAL_CONVERSION = YES;
				CLANG_WARN_OBJC_ROOT_CLASS = YES_ERROR;
				CLANG_WARN_QUOTED_INCLUDE_IN_FRAMEWORK_HEADER = YES;
				CLANG_WARN_RANGE_LOOP_ANALYSIS = YES;
				CLANG_WARN_STRICT_PROTOTYPES = YES;
				CLANG_WARN_SUSPICIOUS_MOVE = YES;
				CLANG_WARN_UNGUARDED_AVAILABILITY = YES_AGGRESSIVE;
				CLANG_WARN_UNREACHABLE_CODE = YES;
				CLANG_WARN__DUPLICATE_METHOD_MATCH = YES;
				COPY_PHASE_STRIP = NO;
				DEBUG_INFORMATION_FORMAT = "dwarf-with-dsym";
				ENABLE_NS_ASSERTIONS = NO;
				ENABLE_STRICT_OBJC_MSGSEND = YES;
				GCC_C_LANGUAGE_STANDARD = gnu11;
				GCC_NO_COMMON_BLOCKS = YES;
				GCC_WARN_64_TO_32_BIT_CONVERSION = YES;
				GCC_WARN_ABOUT_RETURN_TYPE = YES_ERROR;
				GCC_WARN_UNDECLARED_SELECTOR = YES;
				GCC_WARN_UNINITIALIZED_AUTOS = YES_AGGRESSIVE;
				GCC_WARN_UNUSED_FUNCTION = YES;
				GCC_WARN_UNUSED_VARIABLE = YES;
				IPHONEOS_DEPLOYMENT_TARGET = 16.2;
				MTL_ENABLE_DEBUG_INFO = NO;
				MTL_FAST_MATH = YES;
				SDKROOT = iphoneos;
				SWIFT_COMPILATION_MODE = wholemodule;
				SWIFT_OPTIMIZATION_LEVEL = "-O";
				VALIDATE_PRODUCT = YES;
			};
			name = Release;
		};
		5CED97792AC35E4100614EFC /* Debug */ = {
			isa = XCBuildConfiguration;
			buildSettings = {
				ASSETCATALOG_COMPILER_APPICON_NAME = AppIcon;
				ASSETCATALOG_COMPILER_GLOBAL_ACCENT_COLOR_NAME = AccentColor;
				CODE_SIGN_STYLE = Automatic;
				CURRENT_PROJECT_VERSION = 1;
				DEVELOPMENT_TEAM = YG5A7C43PH;
				GENERATE_INFOPLIST_FILE = YES;
				INFOPLIST_FILE = SwiftPackageManagerExample/Info.plist;
				INFOPLIST_KEY_UIApplicationSupportsIndirectInputEvents = YES;
				INFOPLIST_KEY_UILaunchStoryboardName = LaunchScreen;
				INFOPLIST_KEY_UISupportedInterfaceOrientations_iPad = "UIInterfaceOrientationPortrait UIInterfaceOrientationPortraitUpsideDown UIInterfaceOrientationLandscapeLeft UIInterfaceOrientationLandscapeRight";
				INFOPLIST_KEY_UISupportedInterfaceOrientations_iPhone = "UIInterfaceOrientationPortrait UIInterfaceOrientationLandscapeLeft UIInterfaceOrientationLandscapeRight";
				LD_RUNPATH_SEARCH_PATHS = (
					"$(inherited)",
					"@executable_path/Frameworks",
				);
				MARKETING_VERSION = 1.0;
				PRODUCT_BUNDLE_IDENTIFIER = com.statsig.SwiftPackageManagerExample;
				PRODUCT_NAME = "$(TARGET_NAME)";
				SWIFT_EMIT_LOC_STRINGS = YES;
				SWIFT_VERSION = 5.0;
				TARGETED_DEVICE_FAMILY = "1,2";
			};
			name = Debug;
		};
		5CED977A2AC35E4100614EFC /* Release */ = {
			isa = XCBuildConfiguration;
			buildSettings = {
				ASSETCATALOG_COMPILER_APPICON_NAME = AppIcon;
				ASSETCATALOG_COMPILER_GLOBAL_ACCENT_COLOR_NAME = AccentColor;
				CODE_SIGN_STYLE = Automatic;
				CURRENT_PROJECT_VERSION = 1;
				DEVELOPMENT_TEAM = YG5A7C43PH;
				GENERATE_INFOPLIST_FILE = YES;
				INFOPLIST_FILE = SwiftPackageManagerExample/Info.plist;
				INFOPLIST_KEY_UIApplicationSupportsIndirectInputEvents = YES;
				INFOPLIST_KEY_UILaunchStoryboardName = LaunchScreen;
				INFOPLIST_KEY_UISupportedInterfaceOrientations_iPad = "UIInterfaceOrientationPortrait UIInterfaceOrientationPortraitUpsideDown UIInterfaceOrientationLandscapeLeft UIInterfaceOrientationLandscapeRight";
				INFOPLIST_KEY_UISupportedInterfaceOrientations_iPhone = "UIInterfaceOrientationPortrait UIInterfaceOrientationLandscapeLeft UIInterfaceOrientationLandscapeRight";
				LD_RUNPATH_SEARCH_PATHS = (
					"$(inherited)",
					"@executable_path/Frameworks",
				);
				MARKETING_VERSION = 1.0;
				PRODUCT_BUNDLE_IDENTIFIER = com.statsig.SwiftPackageManagerExample;
				PRODUCT_NAME = "$(TARGET_NAME)";
				SWIFT_EMIT_LOC_STRINGS = YES;
				SWIFT_VERSION = 5.0;
				TARGETED_DEVICE_FAMILY = "1,2";
			};
			name = Release;
		};
		5CED977C2AC35E4100614EFC /* Debug */ = {
			isa = XCBuildConfiguration;
			buildSettings = {
				ALWAYS_EMBED_SWIFT_STANDARD_LIBRARIES = YES;
				BUNDLE_LOADER = "$(TEST_HOST)";
				CODE_SIGN_STYLE = Automatic;
				CURRENT_PROJECT_VERSION = 1;
				DEVELOPMENT_TEAM = YG5A7C43PH;
				GENERATE_INFOPLIST_FILE = YES;
				IPHONEOS_DEPLOYMENT_TARGET = 16.2;
				MARKETING_VERSION = 1.0;
				PRODUCT_BUNDLE_IDENTIFIER = com.statsig.SwiftPackageManagerExampleTests;
				PRODUCT_NAME = "$(TARGET_NAME)";
				SWIFT_EMIT_LOC_STRINGS = NO;
				SWIFT_VERSION = 5.0;
				TARGETED_DEVICE_FAMILY = "1,2";
				TEST_HOST = "$(BUILT_PRODUCTS_DIR)/SwiftPackageManagerExample.app/$(BUNDLE_EXECUTABLE_FOLDER_PATH)/SwiftPackageManagerExample";
			};
			name = Debug;
		};
		5CED977D2AC35E4100614EFC /* Release */ = {
			isa = XCBuildConfiguration;
			buildSettings = {
				ALWAYS_EMBED_SWIFT_STANDARD_LIBRARIES = YES;
				BUNDLE_LOADER = "$(TEST_HOST)";
				CODE_SIGN_STYLE = Automatic;
				CURRENT_PROJECT_VERSION = 1;
				DEVELOPMENT_TEAM = YG5A7C43PH;
				GENERATE_INFOPLIST_FILE = YES;
				IPHONEOS_DEPLOYMENT_TARGET = 16.2;
				MARKETING_VERSION = 1.0;
				PRODUCT_BUNDLE_IDENTIFIER = com.statsig.SwiftPackageManagerExampleTests;
				PRODUCT_NAME = "$(TARGET_NAME)";
				SWIFT_EMIT_LOC_STRINGS = NO;
				SWIFT_VERSION = 5.0;
				TARGETED_DEVICE_FAMILY = "1,2";
				TEST_HOST = "$(BUILT_PRODUCTS_DIR)/SwiftPackageManagerExample.app/$(BUNDLE_EXECUTABLE_FOLDER_PATH)/SwiftPackageManagerExample";
			};
			name = Release;
		};
/* End XCBuildConfiguration section */

/* Begin XCConfigurationList section */
		5CED97492AC35E3F00614EFC /* Build configuration list for PBXProject "SwiftPackageManagerExample" */ = {
			isa = XCConfigurationList;
			buildConfigurations = (
				5CED97762AC35E4100614EFC /* Debug */,
				5CED97772AC35E4100614EFC /* Release */,
			);
			defaultConfigurationIsVisible = 0;
			defaultConfigurationName = Release;
		};
		5CED97782AC35E4100614EFC /* Build configuration list for PBXNativeTarget "SwiftPackageManagerExample" */ = {
			isa = XCConfigurationList;
			buildConfigurations = (
				5CED97792AC35E4100614EFC /* Debug */,
				5CED977A2AC35E4100614EFC /* Release */,
			);
			defaultConfigurationIsVisible = 0;
			defaultConfigurationName = Release;
		};
		5CED977B2AC35E4100614EFC /* Build configuration list for PBXNativeTarget "SwiftPackageManagerExampleTests" */ = {
			isa = XCConfigurationList;
			buildConfigurations = (
				5CED977C2AC35E4100614EFC /* Debug */,
				5CED977D2AC35E4100614EFC /* Release */,
			);
			defaultConfigurationIsVisible = 0;
			defaultConfigurationName = Release;
		};
/* End XCConfigurationList section */

/* Begin XCRemoteSwiftPackageReference section */
		5CED97862AC3612400614EFC /* XCRemoteSwiftPackageReference "ios-sdk" */ = {
			isa = XCRemoteSwiftPackageReference;
			repositoryURL = "https://github.com/statsig-io/ios-sdk.git";
			requirement = {
				branch = main;
				kind = branch;
			};
		};
/* End XCRemoteSwiftPackageReference section */

/* Begin XCSwiftPackageProductDependency section */
		5CED97872AC3612400614EFC /* Statsig */ = {
			isa = XCSwiftPackageProductDependency;
			package = 5CED97862AC3612400614EFC /* XCRemoteSwiftPackageReference "ios-sdk" */;
			productName = Statsig;
		};
		5CED978A2AC3630100614EFC /* Statsig */ = {
			isa = XCSwiftPackageProductDependency;
			package = 5CED97862AC3612400614EFC /* XCRemoteSwiftPackageReference "ios-sdk" */;
			productName = Statsig;
		};
/* End XCSwiftPackageProductDependency section */
	};
	rootObject = 5CED97462AC35E3F00614EFC /* Project object */;
}
